
Microsoft Visual Studio Solution File, Format Version 12.00
# Visual Studio Version 16
Project("{FAE04EC0-301F-11D3-BF4B-00C04F79EFBC}") = "ModInstallerForms", "ModInstallerForms\ModInstallerForms.csproj", "{3BD853FA-C9EC-4F2D-BB20-A6FC62F5B0AF}"
EndProject
Project("{FAE04EC0-301F-11D3-BF4B-00C04F79EFBC}") = "ModInstallerGTK", "ModInstallerGTK\ModInstallerGTK.csproj", "{9E35E477-1BE3-476E-BEA0-6D0243DB8C32}"
EndProject
Global
	GlobalSection(SolutionConfigurationPlatforms) = preSolution
		Debug|Any CPU = Debug|Any CPU
		Release|Any CPU = Release|Any CPU
	EndGlobalSection
	GlobalSection(ProjectConfigurationPlatforms) = postSolution
		{3BD853FA-C9EC-4F2D-BB20-A6FC62F5B0AF}.Debug|Any CPU.ActiveCfg = Debug|Any CPU
		{3BD853FA-C9EC-4F2D-BB20-A6FC62F5B0AF}.Debug|Any CPU.Build.0 = Debug|Any CPU
		{3BD853FA-C9EC-4F2D-BB20-A6FC62F5B0AF}.Release|Any CPU.ActiveCfg = Release|Any CPU
		{3BD853FA-C9EC-4F2D-BB20-A6FC62F5B0AF}.Release|Any CPU.Build.0 = Release|Any CPU
		{9E35E477-1BE3-476E-BEA0-6D0243DB8C32}.Debug|Any CPU.ActiveCfg = Debug|Any CPU
		{9E35E477-1BE3-476E-BEA0-6D0243DB8C32}.Debug|Any CPU.Build.0 = Debug|Any CPU
		{9E35E477-1BE3-476E-BEA0-6D0243DB8C32}.Release|Any CPU.ActiveCfg = Release|Any CPU
		{9E35E477-1BE3-476E-BEA0-6D0243DB8C32}.Release|Any CPU.Build.0 = Release|Any CPU
	EndGlobalSection
EndGlobal
